
Microsoft Visual Studio Solution File, Format Version 12.00
# Visual Studio Version 17
VisualStudioVersion = 17.12.35527.113 d17.12
MinimumVisualStudioVersion = 10.0.40219.1
Project("{FAE04EC0-301F-11D3-BF4B-00C04F79EFBC}") = "BYS_Poject", "BYS_Poject.csproj", "{0FD85634-4E19-4C3F-B914-24796D78D605}"
EndProject
Global
	GlobalSection(SolutionConfigurationPlatforms) = preSolution
		Debug|Any CPU = Debug|Any CPU
		Release|Any CPU = Release|Any CPU
	EndGlobalSection
	GlobalSection(ProjectConfigurationPlatforms) = postSolution
		{0FD85634-4E19-4C3F-B914-24796D78D605}.Debug|Any CPU.ActiveCfg = Debug|Any CPU
		{0FD85634-4E19-4C3F-B914-24796D78D605}.Debug|Any CPU.Build.0 = Debug|Any CPU
		{0FD85634-4E19-4C3F-B914-24796D78D605}.Release|Any CPU.ActiveCfg = Release|Any CPU
		{0FD85634-4E19-4C3F-B914-24796D78D605}.Release|Any CPU.Build.0 = Release|Any CPU
	EndGlobalSection
	GlobalSection(SolutionProperties) = preSolution
		HideSolutionNode = FALSE
	EndGlobalSection
EndGlobal
